lockfileVersion: "6.0"

settings:
  autoInstallPeers: true
  excludeLinksFromLockfile: false

dependencies:
  "@types/gradient-string":
    specifier: ^1.1.2
    version: 1.1.2
  chalk:
    specifier: ^4.1.2
    version: 4.1.2
  commander:
    specifier: ^11.0.0
    version: 11.0.0
  figlet:
    specifier: ^1.6.0
    version: 1.6.0
  gradient-string:
    specifier: ^2.0.2
    version: 2.0.2
  pluralize:
    specifier: ^8.0.0
    version: 8.0.0
  zod:
    specifier: ^3.22.1
    version: 3.22.1

devDependencies:
  "@types/figlet":
    specifier: ^1.5.6
    version: 1.5.6
  "@types/node":
    specifier: ^20.5.1
    version: 20.5.1
  "@types/pluralize":
    specifier: ^0.0.30
    version: 0.0.30
  typescript:
    specifier: ^5.1.6
    version: 5.1.6

packages:
  /@types/figlet@1.5.6:
    resolution:
      {
        integrity: sha512-AOdn9cKJGXpqfHeif16xeGMwWefB4nsOyxkdRMpc+PEP3nUxzu3psJfIqhjrCNW4Sejt5i6rISWmEwK0sw03mA==,
      }
    dev: true

  /@types/gradient-string@1.1.2:
    resolution:
      {
        integrity: sha512-zIet2KvHr2dkOCPI5ggQQ+WJVyfBSFaqK9sNelhgDjlE2K3Fu2muuPJwu5aKM3xoWuc3WXudVEMUwI1QWhykEQ==,
      }
    dependencies:
      "@types/tinycolor2": 1.4.3
    dev: false

  /@types/node@20.5.1:
    resolution:
      {
        integrity: sha512-4tT2UrL5LBqDwoed9wZ6N3umC4Yhz3W3FloMmiiG4JwmUJWpie0c7lcnUNd4gtMKuDEO4wRVS8B6Xa0uMRsMKg==,
      }
    dev: true

  /@types/pluralize@0.0.30:
    resolution:
      {
        integrity: sha512-kVww6xZrW/db5BR9OqiT71J9huRdQ+z/r+LbDuT7/EK50mCmj5FoaIARnVv0rvjUS/YpDox0cDU9lpQT011VBA==,
      }
    dev: true

  /@types/tinycolor2@1.4.3:
    resolution:
      {
        integrity: sha512-Kf1w9NE5HEgGxCRyIcRXR/ZYtDv0V8FVPtYHwLxl0O+maGX0erE77pQlD0gpP+/KByMZ87mOA79SjifhSB3PjQ==,
      }
    dev: false

  /ansi-styles@4.3.0:
    resolution:
      {
        integrity: sha512-zbB9rCJAT1rbjiVDb2hqKFHNYLxgtk8NURxZ3IZwD3F6NtxbXZQCnnSi1Lkx+IDohdPlFp222wVALIheZJQSEg==,
      }
    engines: { node: ">=8" }
    dependencies:
      color-convert: 2.0.1
    dev: false

  /chalk@4.1.2:
    resolution:
      {
        integrity: sha512-oKnbhFyRIXpUuez8iBMmyEa4nbj4IOQyuhc/wy9kY7/WVPcwIO9VA668Pu8RkO7+0G76SLROeyw9CpQ061i4mA==,
      }
    engines: { node: ">=10" }
    dependencies:
      ansi-styles: 4.3.0
      supports-color: 7.2.0
    dev: false

  /color-convert@2.0.1:
    resolution:
      {
        integrity: sha512-RRECPsj7iu/xb5oKYcsFHSppFNnsj/52OVTRKb4zP5onXwVF3zVmmToNcOfGC+CRDpfK/U584fMg38ZHCaElKQ==,
      }
    engines: { node: ">=7.0.0" }
    dependencies:
      color-name: 1.1.4
    dev: false

  /color-name@1.1.4:
    resolution:
      {
        integrity: sha512-dOy+3AuW3a2wNbZHIuMZpTcgjGuLU/uBL/ubcZF9OXbDo8ff4O8yVp5Bf0efS8uEoYo5q4Fx7dY9OgQGXgAsQA==,
      }
    dev: false

  /commander@11.0.0:
    resolution:
      {
        integrity: sha512-9HMlXtt/BNoYr8ooyjjNRdIilOTkVJXB+GhxMTtOKwk0R4j4lS4NpjuqmRxroBfnfTSHQIHQB7wryHhXarNjmQ==,
      }
    engines: { node: ">=16" }
    dev: false

  /figlet@1.6.0:
    resolution:
      {
        integrity: sha512-31EQGhCEITv6+hi2ORRPyn3bulaV9Fl4xOdR169cBzH/n1UqcxsiSB/noo6SJdD7Kfb1Ljit+IgR1USvF/XbdA==,
      }
    engines: { node: ">= 0.4.0" }
    hasBin: true
    dev: false

  /gradient-string@2.0.2:
    resolution:
      {
        integrity: sha512-rEDCuqUQ4tbD78TpzsMtt5OIf0cBCSDWSJtUDaF6JsAh+k0v9r++NzxNEG87oDZx9ZwGhD8DaezR2L/yrw0Jdw==,
      }
    engines: { node: ">=10" }
    dependencies:
      chalk: 4.1.2
      tinygradient: 1.1.5
    dev: false

  /has-flag@4.0.0:
    resolution:
      {
        integrity: sha512-EykJT/Q1KjTWctppgIAgfSO0tKVuZUjhgMr17kqTumMl6Afv3EISleU7qZUzoXDFTAHTDC4NOoG/ZxU3EvlMPQ==,
      }
    engines: { node: ">=8" }
    dev: false

  /pluralize@8.0.0:
    resolution:
      {
        integrity: sha512-Nc3IT5yHzflTfbjgqWcCPpo7DaKy4FnpB0l/zCAW0Tc7jxAiuqSxHasntB3D7887LSrA93kDJ9IXovxJYxyLCA==,
      }
    engines: { node: ">=4" }
    dev: false

  /supports-color@7.2.0:
    resolution:
      {
        integrity: sha512-qpCAvRl9stuOHveKsn7HncJRvv501qIacKzQlO/+Lwxc9+0q2wLyv4Dfvt80/DPn2pqOBsJdDiogXGR9+OvwRw==,
      }
    engines: { node: ">=8" }
    dependencies:
      has-flag: 4.0.0
    dev: false

  /tinycolor2@1.6.0:
    resolution:
      {
        integrity: sha512-XPaBkWQJdsf3pLKJV9p4qN/S+fm2Oj8AIPo1BTUhg5oxkvm9+SVEGFdhyOz7tTdUTfvxMiAs4sp6/eZO2Ew+pw==,
      }
    dev: false

  /tinygradient@1.1.5:
    resolution:
      {
        integrity: sha512-8nIfc2vgQ4TeLnk2lFj4tRLvvJwEfQuabdsmvDdQPT0xlk9TaNtpGd6nNRxXoK6vQhN6RSzj+Cnp5tTQmpxmbw==,
      }
    dependencies:
      "@types/tinycolor2": 1.4.3
      tinycolor2: 1.6.0
    dev: false

  /typescript@5.1.6:
    resolution:
      {
        integrity: sha512-zaWCozRZ6DLEWAWFrVDz1H6FVXzUSfTy5FUMWsQlU8Ym5JP9eO4xkTIROFCQvhQf61z6O/G6ugw3SgAnvvm+HA==,
      }
    engines: { node: ">=14.17" }
    hasBin: true
    dev: true

  /zod@3.22.1:
    resolution:
      {
        integrity: sha512-+qUhAMl414+Elh+fRNtpU+byrwjDFOS1N7NioLY+tSlcADTx4TkCUua/hxJvxwDXcV4397/nZ420jy4n4+3WUg==,
      }
    dev: false
